
Microsoft Visual Studio Solution File, Format Version 12.00
# Visual Studio Version 16
VisualStudioVersion = 16.0.31702.278
MinimumVisualStudioVersion = 10.0.40219.1
Project("{9A19103F-16F7-4668-BE54-9A1E7A4F7556}") = "VehicleNetBackend", "VehicleNetBackend.csproj", "{291FAF85-BEE5-4CC9-8443-193D7802D09E}"
EndProject
Global
	GlobalSection(SolutionConfigurationPlatforms) = preSolution
		Debug|Any CPU = Debug|Any CPU
		Release|Any CPU = Release|Any CPU
	EndGlobalSection
	GlobalSection(ProjectConfigurationPlatforms) = postSolution
		{291FAF85-BEE5-4CC9-8443-193D7802D09E}.Debug|Any CPU.ActiveCfg = Debug|Any CPU
		{291FAF85-BEE5-4CC9-8443-193D7802D09E}.Debug|Any CPU.Build.0 = Debug|Any CPU
		{291FAF85-BEE5-4CC9-8443-193D7802D09E}.Release|Any CPU.ActiveCfg = Release|Any CPU
		{291FAF85-BEE5-4CC9-8443-193D7802D09E}.Release|Any CPU.Build.0 = Release|Any CPU
	EndGlobalSection
	GlobalSection(SolutionProperties) = preSolution
		HideSolutionNode = FALSE
	EndGlobalSection
	GlobalSection(ExtensibilityGlobals) = postSolution
		SolutionGuid = {43F3DED4-FBF4-45C5-9657-208D9EB83892}
	EndGlobalSection
EndGlobal
